
Microsoft Visual Studio Solution File, Format Version 12.00
# Visual Studio Version 17
VisualStudioVersion = 17.5.33627.172
MinimumVisualStudioVersion = 10.0.40219.1
Project("{FAE04EC0-301F-11D3-BF4B-00C04F79EFBC}") = "HRSUMMIT", "HRSUMMIT\HRSUMMIT.csproj", "{576DC1A4-7038-4514-A1C6-2841563990C7}"
EndProject
Global
	GlobalSection(SolutionConfigurationPlatforms) = preSolution
		Debug|Any CPU = Debug|Any CPU
		Release|Any CPU = Release|Any CPU
	EndGlobalSection
	GlobalSection(ProjectConfigurationPlatforms) = postSolution
		{576DC1A4-7038-4514-A1C6-2841563990C7}.Debug|Any CPU.ActiveCfg = Debug|Any CPU
		{576DC1A4-7038-4514-A1C6-2841563990C7}.Debug|Any CPU.Build.0 = Debug|Any CPU
		{576DC1A4-7038-4514-A1C6-2841563990C7}.Release|Any CPU.ActiveCfg = Release|Any CPU
		{576DC1A4-7038-4514-A1C6-2841563990C7}.Release|Any CPU.Build.0 = Release|Any CPU
	EndGlobalSection
	GlobalSection(SolutionProperties) = preSolution
		HideSolutionNode = FALSE
	EndGlobalSection
	GlobalSection(ExtensibilityGlobals) = postSolution
		SolutionGuid = {AD94D61D-AAE8-4881-B007-159D7F432938}
	EndGlobalSection
EndGlobal
